
Microsoft Visual Studio Solution File, Format Version 12.00
# Visual Studio Version 17
VisualStudioVersion = 17.6.33723.286
MinimumVisualStudioVersion = 10.0.40219.1
Project("{9A19103F-16F7-4668-BE54-9A1E7A4F7556}") = "dotnet-db-worker", "dotnet-db-worker.csproj", "{9B5CC947-0887-4202-A1AA-95D66EFFDCEA}"
EndProject
Global
	GlobalSection(SolutionConfigurationPlatforms) = preSolution
		Debug|Any CPU = Debug|Any CPU
		Release|Any CPU = Release|Any CPU
	EndGlobalSection
	GlobalSection(ProjectConfigurationPlatforms) = postSolution
		{9B5CC947-0887-4202-A1AA-95D66EFFDCEA}.Debug|Any CPU.ActiveCfg = Debug|Any CPU
		{9B5CC947-0887-4202-A1AA-95D66EFFDCEA}.Debug|Any CPU.Build.0 = Debug|Any CPU
		{9B5CC947-0887-4202-A1AA-95D66EFFDCEA}.Release|Any CPU.ActiveCfg = Release|Any CPU
		{9B5CC947-0887-4202-A1AA-95D66EFFDCEA}.Release|Any CPU.Build.0 = Release|Any CPU
	EndGlobalSection
	GlobalSection(SolutionProperties) = preSolution
		HideSolutionNode = FALSE
	EndGlobalSection
	GlobalSection(ExtensibilityGlobals) = postSolution
		SolutionGuid = {C1D5620E-0AAB-41F1-8AE0-FACF589A17BC}
	EndGlobalSection
EndGlobal
